
Microsoft Visual Studio Solution File, Format Version 12.00
# Visual Studio 14
VisualStudioVersion = 14.0.25420.1
MinimumVisualStudioVersion = 10.0.40219.1
Project("{FAE04EC0-301F-11D3-BF4B-00C04F79EFBC}") = "WebsiteSalePhones", "WebsiteSalePhones\WebsiteSalePhones.csproj", "{393DC468-EBD4-448E-90B7-6D4CC6FD32BA}"
EndProject
Project("{FAE04EC0-301F-11D3-BF4B-00C04F79EFBC}") = "Model", "Model\Model.csproj", "{599F5CD2-7F91-420B-91F1-614290446B9D}"
EndProject
Global
	GlobalSection(SolutionConfigurationPlatforms) = preSolution
		Debug|Any CPU = Debug|Any CPU
		Release|Any CPU = Release|Any CPU
	EndGlobalSection
	GlobalSection(ProjectConfigurationPlatforms) = postSolution
		{393DC468-EBD4-448E-90B7-6D4CC6FD32BA}.Debug|Any CPU.ActiveCfg = Debug|Any CPU
		{393DC468-EBD4-448E-90B7-6D4CC6FD32BA}.Debug|Any CPU.Build.0 = Debug|Any CPU
		{393DC468-EBD4-448E-90B7-6D4CC6FD32BA}.Release|Any CPU.ActiveCfg = Release|Any CPU
		{393DC468-EBD4-448E-90B7-6D4CC6FD32BA}.Release|Any CPU.Build.0 = Release|Any CPU
		{599F5CD2-7F91-420B-91F1-614290446B9D}.Debug|Any CPU.ActiveCfg = Debug|Any CPU
		{599F5CD2-7F91-420B-91F1-614290446B9D}.Debug|Any CPU.Build.0 = Debug|Any CPU
		{599F5CD2-7F91-420B-91F1-614290446B9D}.Release|Any CPU.ActiveCfg = Release|Any CPU
		{599F5CD2-7F91-420B-91F1-614290446B9D}.Release|Any CPU.Build.0 = Release|Any CPU
	EndGlobalSection
	GlobalSection(SolutionProperties) = preSolution
		HideSolutionNode = FALSE
	EndGlobalSection
EndGlobal
